
Microsoft Visual Studio Solution File, Format Version 12.00
# Visual Studio Version 16
VisualStudioVersion = 16.0.30320.27
MinimumVisualStudioVersion = 10.0.40219.1
Project("{9A19103F-16F7-4668-BE54-9A1E7A4F7556}") = "PACOMUrlShortener", "PACOMUrlShortener.csproj", "{B58171FB-D598-4AEB-94B4-162446EDF744}"
EndProject
Global
	GlobalSection(SolutionConfigurationPlatforms) = preSolution
		Debug|Any CPU = Debug|Any CPU
		Release|Any CPU = Release|Any CPU
	EndGlobalSection
	GlobalSection(ProjectConfigurationPlatforms) = postSolution
		{B58171FB-D598-4AEB-94B4-162446EDF744}.Debug|Any CPU.ActiveCfg = Debug|Any CPU
		{B58171FB-D598-4AEB-94B4-162446EDF744}.Debug|Any CPU.Build.0 = Debug|Any CPU
		{B58171FB-D598-4AEB-94B4-162446EDF744}.Release|Any CPU.ActiveCfg = Release|Any CPU
		{B58171FB-D598-4AEB-94B4-162446EDF744}.Release|Any CPU.Build.0 = Release|Any CPU
	EndGlobalSection
	GlobalSection(SolutionProperties) = preSolution
		HideSolutionNode = FALSE
	EndGlobalSection
	GlobalSection(ExtensibilityGlobals) = postSolution
		SolutionGuid = {48BB8367-8112-4AA1-A5DA-A2C44E0DC069}
	EndGlobalSection
EndGlobal
